
Microsoft Visual Studio Solution File, Format Version 12.00
# Visual Studio Version 17
VisualStudioVersion = 17.14.36518.9
MinimumVisualStudioVersion = 10.0.40219.1
Project("{FAE04EC0-301F-11D3-BF4B-00C04F79EFBC}") = "BudgetManager", "BudgetManager\BudgetManager.csproj", "{66EB4756-2AE0-4A61-AD37-FC66D76D08A5}"
EndProject
Global
	GlobalSection(SolutionConfigurationPlatforms) = preSolution
		Debug|Any CPU = Debug|Any CPU
		Release|Any CPU = Release|Any CPU
	EndGlobalSection
	GlobalSection(ProjectConfigurationPlatforms) = postSolution
		{66EB4756-2AE0-4A61-AD37-FC66D76D08A5}.Debug|Any CPU.ActiveCfg = Debug|Any CPU
		{66EB4756-2AE0-4A61-AD37-FC66D76D08A5}.Debug|Any CPU.Build.0 = Debug|Any CPU
		{66EB4756-2AE0-4A61-AD37-FC66D76D08A5}.Release|Any CPU.ActiveCfg = Release|Any CPU
		{66EB4756-2AE0-4A61-AD37-FC66D76D08A5}.Release|Any CPU.Build.0 = Release|Any CPU
	EndGlobalSection
	GlobalSection(SolutionProperties) = preSolution
		HideSolutionNode = FALSE
	EndGlobalSection
	GlobalSection(ExtensibilityGlobals) = postSolution
		SolutionGuid = {34CF62A2-F00C-43E7-A5DE-65EB2F34A0A2}
	EndGlobalSection
EndGlobal
